{
  "object": {
    "pins": [
      {
        "package": "NonEmpty",
        "repositoryURL": "https://github.com/pointfreeco/swift-nonempty.git",
        "state": {
          "branch": null,
          "revision": "2a835f507d014f8c6c76df1d7c8f217ab9d84574",
          "version": "0.1.1"
        }
      },
      {
        "package": "SnapshotTesting",
        "repositoryURL": "https://github.com/pointfreeco/swift-snapshot-testing.git",
        "state": {
          "branch": "8f9182d",
          "revision": "8f9182d9389907bbd3c88be952050cdd3d19a36f",
          "version": null
        }
      },
      {
        "package": "Tagged",
        "repositoryURL": "https://github.com/pointfreeco/swift-tagged.git",
        "state": {
          "branch": null,
          "revision": "d53900894206f9453a837b566f2805c0f9c86967",
          "version": "0.2.0"
        }
      }
    ]
  },
  "version": 1
}
