{
  "object": {
    "pins": [
      {
        "package": "SnapshotTesting",
        "repositoryURL": "https://github.com/pointfreeco/swift-snapshot-testing.git",
        "state": {
          "branch": "08c0976",
          "revision": "08c0976f968895cc2cfd07e843ca03c88dc11bac",
          "version": null
        }
      },
      {
        "package": "Tagged",
        "repositoryURL": "https://github.com/pointfreeco/swift-tagged.git",
        "state": {
          "branch": null,
          "revision": "17c4ad4a687a5250313bb668fedce614891f03c4",
          "version": "0.1.0"
        }
      }
    ]
  },
  "version": 1
}
