{
  "object": {
    "pins": [
      {
        "package": "SnapshotTesting",
        "repositoryURL": "https://github.com/pointfreeco/swift-snapshot-testing.git",
        "state": {
          "branch": "d9e4781",
          "revision": "d9e4781211e499fa3b82cc1166ec32e7366b5617",
          "version": null
        }
      }
    ]
  },
  "version": 1
}
