// !$*UTF8*$!
{
	archiveVersion = 1;
	classes = {
	};
	objectVersion = 46;
	objects = {

/* Begin PBXAggregateTarget section */
		"Prelude::PreludePackageTests::ProductTarget" /* PreludePackageTests */ = {
			isa = PBXAggregateTarget;
			buildConfigurationList = OBJ_75 /* Build configuration list for PBXAggregateTarget "PreludePackageTests" */;
			buildPhases = (
			);
			dependencies = (
				OBJ_78 /* PBXTargetDependency */,
			);
			name = PreludePackageTests;
			productName = PreludePackageTests;
		};
/* End PBXAggregateTarget section */

/* Begin PBXBuildFile section */
		CA3A92091EF80833009CB76D /* PrecedenceGroups.swift in Sources */ = {isa = PBXBuildFile; fileRef = CA3A92081EF80833009CB76D /* PrecedenceGroups.swift */; };
		OBJ_42 /* ArrayTests.swift in Sources */ = {isa = PBXBuildFile; fileRef = OBJ_23 /* ArrayTests.swift */; };
		OBJ_43 /* ChoiceTests.swift in Sources */ = {isa = PBXBuildFile; fileRef = OBJ_24 /* ChoiceTests.swift */; };
		OBJ_44 /* EitherTests.swift in Sources */ = {isa = PBXBuildFile; fileRef = OBJ_25 /* EitherTests.swift */; };
		OBJ_45 /* FunctionTests.swift in Sources */ = {isa = PBXBuildFile; fileRef = OBJ_26 /* FunctionTests.swift */; };
		OBJ_46 /* MonoidTests.swift in Sources */ = {isa = PBXBuildFile; fileRef = OBJ_27 /* MonoidTests.swift */; };
		OBJ_47 /* OptionalTests.swift in Sources */ = {isa = PBXBuildFile; fileRef = OBJ_28 /* OptionalTests.swift */; };
		OBJ_48 /* SemigroupTests.swift in Sources */ = {isa = PBXBuildFile; fileRef = OBJ_29 /* SemigroupTests.swift */; };
		OBJ_49 /* StringTests.swift in Sources */ = {isa = PBXBuildFile; fileRef = OBJ_30 /* StringTests.swift */; };
		OBJ_50 /* StrongTests.swift in Sources */ = {isa = PBXBuildFile; fileRef = OBJ_31 /* StrongTests.swift */; };
		OBJ_51 /* TupleTests.swift in Sources */ = {isa = PBXBuildFile; fileRef = OBJ_32 /* TupleTests.swift */; };
		OBJ_52 /* UnitTests.swift in Sources */ = {isa = PBXBuildFile; fileRef = OBJ_33 /* UnitTests.swift */; };
		OBJ_54 /* Prelude.framework in Frameworks */ = {isa = PBXBuildFile; fileRef = "Prelude::Prelude::Product" /* Prelude.framework */; };
		OBJ_61 /* Array.swift in Sources */ = {isa = PBXBuildFile; fileRef = OBJ_9 /* Array.swift */; };
		OBJ_62 /* Choice.swift in Sources */ = {isa = PBXBuildFile; fileRef = OBJ_10 /* Choice.swift */; };
		OBJ_63 /* Either.swift in Sources */ = {isa = PBXBuildFile; fileRef = OBJ_11 /* Either.swift */; };
		OBJ_64 /* Function.swift in Sources */ = {isa = PBXBuildFile; fileRef = OBJ_12 /* Function.swift */; };
		OBJ_65 /* Monoid.swift in Sources */ = {isa = PBXBuildFile; fileRef = OBJ_13 /* Monoid.swift */; };
		OBJ_66 /* Operators.swift in Sources */ = {isa = PBXBuildFile; fileRef = OBJ_14 /* Operators.swift */; };
		OBJ_67 /* Optional.swift in Sources */ = {isa = PBXBuildFile; fileRef = OBJ_15 /* Optional.swift */; };
		OBJ_68 /* Semigroup.swift in Sources */ = {isa = PBXBuildFile; fileRef = OBJ_16 /* Semigroup.swift */; };
		OBJ_69 /* String.swift in Sources */ = {isa = PBXBuildFile; fileRef = OBJ_17 /* String.swift */; };
		OBJ_70 /* Strong.swift in Sources */ = {isa = PBXBuildFile; fileRef = OBJ_18 /* Strong.swift */; };
		OBJ_71 /* Tuple.swift in Sources */ = {isa = PBXBuildFile; fileRef = OBJ_19 /* Tuple.swift */; };
		OBJ_72 /* Unit.swift in Sources */ = {isa = PBXBuildFile; fileRef = OBJ_20 /* Unit.swift */; };
/* End PBXBuildFile section */

/* Begin PBXContainerItemProxy section */
		CA2B24271EF6CB57008E10AE /* PBXContainerItemProxy */ = {
			isa = PBXContainerItemProxy;
			containerPortal = OBJ_1 /* Project object */;
			proxyType = 1;
			remoteGlobalIDString = "Prelude::Prelude";
			remoteInfo = Prelude;
		};
		CA2B24281EF6CB57008E10AE /* PBXContainerItemProxy */ = {
			isa = PBXContainerItemProxy;
			containerPortal = OBJ_1 /* Project object */;
			proxyType = 1;
			remoteGlobalIDString = "Prelude::PreludeTests";
			remoteInfo = PreludeTests;
		};
/* End PBXContainerItemProxy section */

/* Begin PBXFileReference section */
		CA3A92081EF80833009CB76D /* PrecedenceGroups.swift */ = {isa = PBXFileReference; lastKnownFileType = sourcecode.swift; path = PrecedenceGroups.swift; sourceTree = "<group>"; };
		OBJ_10 /* Choice.swift */ = {isa = PBXFileReference; lastKnownFileType = sourcecode.swift; path = Choice.swift; sourceTree = "<group>"; };
		OBJ_11 /* Either.swift */ = {isa = PBXFileReference; lastKnownFileType = sourcecode.swift; path = Either.swift; sourceTree = "<group>"; };
		OBJ_12 /* Function.swift */ = {isa = PBXFileReference; lastKnownFileType = sourcecode.swift; path = Function.swift; sourceTree = "<group>"; };
		OBJ_13 /* Monoid.swift */ = {isa = PBXFileReference; lastKnownFileType = sourcecode.swift; path = Monoid.swift; sourceTree = "<group>"; };
		OBJ_14 /* Operators.swift */ = {isa = PBXFileReference; lastKnownFileType = sourcecode.swift; path = Operators.swift; sourceTree = "<group>"; };
		OBJ_15 /* Optional.swift */ = {isa = PBXFileReference; lastKnownFileType = sourcecode.swift; path = Optional.swift; sourceTree = "<group>"; };
		OBJ_16 /* Semigroup.swift */ = {isa = PBXFileReference; lastKnownFileType = sourcecode.swift; path = Semigroup.swift; sourceTree = "<group>"; };
		OBJ_17 /* String.swift */ = {isa = PBXFileReference; lastKnownFileType = sourcecode.swift; path = String.swift; sourceTree = "<group>"; };
		OBJ_18 /* Strong.swift */ = {isa = PBXFileReference; lastKnownFileType = sourcecode.swift; path = Strong.swift; sourceTree = "<group>"; };
		OBJ_19 /* Tuple.swift */ = {isa = PBXFileReference; lastKnownFileType = sourcecode.swift; path = Tuple.swift; sourceTree = "<group>"; };
		OBJ_20 /* Unit.swift */ = {isa = PBXFileReference; lastKnownFileType = sourcecode.swift; path = Unit.swift; sourceTree = "<group>"; };
		OBJ_23 /* ArrayTests.swift */ = {isa = PBXFileReference; lastKnownFileType = sourcecode.swift; path = ArrayTests.swift; sourceTree = "<group>"; };
		OBJ_24 /* ChoiceTests.swift */ = {isa = PBXFileReference; lastKnownFileType = sourcecode.swift; path = ChoiceTests.swift; sourceTree = "<group>"; };
		OBJ_25 /* EitherTests.swift */ = {isa = PBXFileReference; lastKnownFileType = sourcecode.swift; path = EitherTests.swift; sourceTree = "<group>"; };
		OBJ_26 /* FunctionTests.swift */ = {isa = PBXFileReference; lastKnownFileType = sourcecode.swift; path = FunctionTests.swift; sourceTree = "<group>"; };
		OBJ_27 /* MonoidTests.swift */ = {isa = PBXFileReference; lastKnownFileType = sourcecode.swift; path = MonoidTests.swift; sourceTree = "<group>"; };
		OBJ_28 /* OptionalTests.swift */ = {isa = PBXFileReference; lastKnownFileType = sourcecode.swift; path = OptionalTests.swift; sourceTree = "<group>"; };
		OBJ_29 /* SemigroupTests.swift */ = {isa = PBXFileReference; lastKnownFileType = sourcecode.swift; path = SemigroupTests.swift; sourceTree = "<group>"; };
		OBJ_30 /* StringTests.swift */ = {isa = PBXFileReference; lastKnownFileType = sourcecode.swift; path = StringTests.swift; sourceTree = "<group>"; };
		OBJ_31 /* StrongTests.swift */ = {isa = PBXFileReference; lastKnownFileType = sourcecode.swift; path = StrongTests.swift; sourceTree = "<group>"; };
		OBJ_32 /* TupleTests.swift */ = {isa = PBXFileReference; lastKnownFileType = sourcecode.swift; path = TupleTests.swift; sourceTree = "<group>"; };
		OBJ_33 /* UnitTests.swift */ = {isa = PBXFileReference; lastKnownFileType = sourcecode.swift; path = UnitTests.swift; sourceTree = "<group>"; };
		OBJ_6 /* Package.swift */ = {isa = PBXFileReference; explicitFileType = sourcecode.swift; path = Package.swift; sourceTree = "<group>"; };
		OBJ_9 /* Array.swift */ = {isa = PBXFileReference; lastKnownFileType = sourcecode.swift; path = Array.swift; sourceTree = "<group>"; };
		"Prelude::Prelude::Product" /* Prelude.framework */ = {isa = PBXFileReference; explicitFileType = wrapper.framework; path = Prelude.framework; sourceTree = BUILT_PRODUCTS_DIR; };
		"Prelude::PreludeTests::Product" /* PreludeTests.xctest */ = {isa = PBXFileReference; lastKnownFileType = file; path = PreludeTests.xctest; sourceTree = BUILT_PRODUCTS_DIR; };
/* End PBXFileReference section */

/* Begin PBXFrameworksBuildPhase section */
		OBJ_53 /* Frameworks */ = {
			isa = PBXFrameworksBuildPhase;
			buildActionMask = 0;
			files = (
				OBJ_54 /* Prelude.framework in Frameworks */,
			);
			runOnlyForDeploymentPostprocessing = 0;
		};
		OBJ_73 /* Frameworks */ = {
			isa = PBXFrameworksBuildPhase;
			buildActionMask = 0;
			files = (
			);
			runOnlyForDeploymentPostprocessing = 0;
		};
/* End PBXFrameworksBuildPhase section */

/* Begin PBXGroup section */
		OBJ_21 /* Tests */ = {
			isa = PBXGroup;
			children = (
				OBJ_22 /* PreludeTests */,
			);
			name = Tests;
			sourceTree = SOURCE_ROOT;
		};
		OBJ_22 /* PreludeTests */ = {
			isa = PBXGroup;
			children = (
				OBJ_23 /* ArrayTests.swift */,
				OBJ_24 /* ChoiceTests.swift */,
				OBJ_25 /* EitherTests.swift */,
				OBJ_26 /* FunctionTests.swift */,
				OBJ_27 /* MonoidTests.swift */,
				OBJ_28 /* OptionalTests.swift */,
				OBJ_29 /* SemigroupTests.swift */,
				OBJ_30 /* StringTests.swift */,
				OBJ_31 /* StrongTests.swift */,
				OBJ_32 /* TupleTests.swift */,
				OBJ_33 /* UnitTests.swift */,
			);
			name = PreludeTests;
			path = Tests/PreludeTests;
			sourceTree = SOURCE_ROOT;
		};
		OBJ_34 /* Products */ = {
			isa = PBXGroup;
			children = (
				"Prelude::PreludeTests::Product" /* PreludeTests.xctest */,
				"Prelude::Prelude::Product" /* Prelude.framework */,
			);
			name = Products;
			sourceTree = BUILT_PRODUCTS_DIR;
		};
		OBJ_5 = {
			isa = PBXGroup;
			children = (
				OBJ_6 /* Package.swift */,
				OBJ_7 /* Sources */,
				OBJ_21 /* Tests */,
				OBJ_34 /* Products */,
			);
			sourceTree = "<group>";
		};
		OBJ_7 /* Sources */ = {
			isa = PBXGroup;
			children = (
				OBJ_8 /* Prelude */,
			);
			name = Sources;
			sourceTree = SOURCE_ROOT;
		};
		OBJ_8 /* Prelude */ = {
			isa = PBXGroup;
			children = (
				OBJ_9 /* Array.swift */,
				OBJ_10 /* Choice.swift */,
				OBJ_11 /* Either.swift */,
				OBJ_12 /* Function.swift */,
				OBJ_13 /* Monoid.swift */,
				OBJ_14 /* Operators.swift */,
				OBJ_15 /* Optional.swift */,
				OBJ_16 /* Semigroup.swift */,
				OBJ_17 /* String.swift */,
				OBJ_18 /* Strong.swift */,
				OBJ_19 /* Tuple.swift */,
				OBJ_20 /* Unit.swift */,
				CA3A92081EF80833009CB76D /* PrecedenceGroups.swift */,
			);
			name = Prelude;
			path = Sources/Prelude;
			sourceTree = SOURCE_ROOT;
		};
/* End PBXGroup section */

/* Begin PBXNativeTarget section */
		"Prelude::Prelude" /* Prelude */ = {
			isa = PBXNativeTarget;
			buildConfigurationList = OBJ_57 /* Build configuration list for PBXNativeTarget "Prelude" */;
			buildPhases = (
				OBJ_60 /* Sources */,
				OBJ_73 /* Frameworks */,
			);
			buildRules = (
			);
			dependencies = (
			);
			name = Prelude;
			productName = Prelude;
			productReference = "Prelude::Prelude::Product" /* Prelude.framework */;
			productType = "com.apple.product-type.framework";
		};
		"Prelude::PreludeTests" /* PreludeTests */ = {
			isa = PBXNativeTarget;
			buildConfigurationList = OBJ_38 /* Build configuration list for PBXNativeTarget "PreludeTests" */;
			buildPhases = (
				OBJ_41 /* Sources */,
				OBJ_53 /* Frameworks */,
			);
			buildRules = (
			);
			dependencies = (
				OBJ_55 /* PBXTargetDependency */,
			);
			name = PreludeTests;
			productName = PreludeTests;
			productReference = "Prelude::PreludeTests::Product" /* PreludeTests.xctest */;
			productType = "com.apple.product-type.bundle.unit-test";
		};
/* End PBXNativeTarget section */

/* Begin PBXProject section */
		OBJ_1 /* Project object */ = {
			isa = PBXProject;
			attributes = {
				LastUpgradeCheck = 9999;
			};
			buildConfigurationList = OBJ_2 /* Build configuration list for PBXProject "Prelude" */;
			compatibilityVersion = "Xcode 3.2";
			developmentRegion = English;
			hasScannedForEncodings = 0;
			knownRegions = (
				en,
			);
			mainGroup = OBJ_5;
			productRefGroup = OBJ_34 /* Products */;
			projectDirPath = "";
			projectRoot = "";
			targets = (
				"Prelude::PreludeTests" /* PreludeTests */,
				"Prelude::Prelude" /* Prelude */,
				"Prelude::PreludePackageTests::ProductTarget" /* PreludePackageTests */,
			);
		};
/* End PBXProject section */

/* Begin PBXSourcesBuildPhase section */
		OBJ_41 /* Sources */ = {
			isa = PBXSourcesBuildPhase;
			buildActionMask = 0;
			files = (
				OBJ_42 /* ArrayTests.swift in Sources */,
				OBJ_43 /* ChoiceTests.swift in Sources */,
				OBJ_44 /* EitherTests.swift in Sources */,
				OBJ_45 /* FunctionTests.swift in Sources */,
				OBJ_46 /* MonoidTests.swift in Sources */,
				OBJ_47 /* OptionalTests.swift in Sources */,
				OBJ_48 /* SemigroupTests.swift in Sources */,
				OBJ_49 /* StringTests.swift in Sources */,
				OBJ_50 /* StrongTests.swift in Sources */,
				OBJ_51 /* TupleTests.swift in Sources */,
				OBJ_52 /* UnitTests.swift in Sources */,
			);
			runOnlyForDeploymentPostprocessing = 0;
		};
		OBJ_60 /* Sources */ = {
			isa = PBXSourcesBuildPhase;
			buildActionMask = 0;
			files = (
				OBJ_61 /* Array.swift in Sources */,
				OBJ_62 /* Choice.swift in Sources */,
				OBJ_63 /* Either.swift in Sources */,
				OBJ_64 /* Function.swift in Sources */,
				OBJ_65 /* Monoid.swift in Sources */,
				OBJ_66 /* Operators.swift in Sources */,
				OBJ_67 /* Optional.swift in Sources */,
				OBJ_68 /* Semigroup.swift in Sources */,
				OBJ_69 /* String.swift in Sources */,
				CA3A92091EF80833009CB76D /* PrecedenceGroups.swift in Sources */,
				OBJ_70 /* Strong.swift in Sources */,
				OBJ_71 /* Tuple.swift in Sources */,
				OBJ_72 /* Unit.swift in Sources */,
			);
			runOnlyForDeploymentPostprocessing = 0;
		};
/* End PBXSourcesBuildPhase section */

/* Begin PBXTargetDependency section */
		OBJ_55 /* PBXTargetDependency */ = {
			isa = PBXTargetDependency;
			target = "Prelude::Prelude" /* Prelude */;
			targetProxy = CA2B24271EF6CB57008E10AE /* PBXContainerItemProxy */;
		};
		OBJ_78 /* PBXTargetDependency */ = {
			isa = PBXTargetDependency;
			target = "Prelude::PreludeTests" /* PreludeTests */;
			targetProxy = CA2B24281EF6CB57008E10AE /* PBXContainerItemProxy */;
		};
/* End PBXTargetDependency section */

/* Begin XCBuildConfiguration section */
		OBJ_3 /* Debug */ = {
			isa = XCBuildConfiguration;
			buildSettings = {
				CLANG_ENABLE_OBJC_ARC = YES;
				COMBINE_HIDPI_IMAGES = YES;
				COPY_PHASE_STRIP = NO;
				DEBUG_INFORMATION_FORMAT = dwarf;
				DYLIB_INSTALL_NAME_BASE = "@rpath";
				ENABLE_NS_ASSERTIONS = YES;
				GCC_OPTIMIZATION_LEVEL = 0;
				MACOSX_DEPLOYMENT_TARGET = 10.10;
				ONLY_ACTIVE_ARCH = YES;
				OTHER_SWIFT_FLAGS = "-DXcode";
				PRODUCT_NAME = "$(TARGET_NAME)";
				SDKROOT = macosx;
				SUPPORTED_PLATFORMS = "macosx iphoneos iphonesimulator appletvos appletvsimulator watchos watchsimulator";
				SWIFT_ACTIVE_COMPILATION_CONDITIONS = SWIFT_PACKAGE;
				SWIFT_OPTIMIZATION_LEVEL = "-Onone";
				SWIFT_VERSION = 3.0;
				USE_HEADERMAP = NO;
			};
			name = Debug;
		};
		OBJ_39 /* Debug */ = {
			isa = XCBuildConfiguration;
			buildSettings = {
				EMBEDDED_CONTENT_CONTAINS_SWIFT = YES;
				FRAMEWORK_SEARCH_PATHS = (
					"$(inherited)",
					"$(PLATFORM_DIR)/Developer/Library/Frameworks",
				);
				HEADER_SEARCH_PATHS = "$(inherited)";
				INFOPLIST_FILE = Prelude.xcodeproj/PreludeTests_Info.plist;
				LD_RUNPATH_SEARCH_PATHS = "@loader_path/../Frameworks @loader_path/Frameworks";
				OTHER_LDFLAGS = "$(inherited)";
				OTHER_SWIFT_FLAGS = "$(inherited)";
				TARGET_NAME = PreludeTests;
			};
			name = Debug;
		};
		OBJ_4 /* Release */ = {
			isa = XCBuildConfiguration;
			buildSettings = {
				CLANG_ENABLE_OBJC_ARC = YES;
				COMBINE_HIDPI_IMAGES = YES;
				COPY_PHASE_STRIP = YES;
				DEBUG_INFORMATION_FORMAT = "dwarf-with-dsym";
				DYLIB_INSTALL_NAME_BASE = "@rpath";
				GCC_OPTIMIZATION_LEVEL = s;
				MACOSX_DEPLOYMENT_TARGET = 10.10;
				OTHER_SWIFT_FLAGS = "-DXcode";
				PRODUCT_NAME = "$(TARGET_NAME)";
				SDKROOT = macosx;
				SUPPORTED_PLATFORMS = "macosx iphoneos iphonesimulator appletvos appletvsimulator watchos watchsimulator";
				SWIFT_ACTIVE_COMPILATION_CONDITIONS = SWIFT_PACKAGE;
				SWIFT_OPTIMIZATION_LEVEL = "-Owholemodule";
				SWIFT_VERSION = 3.0;
				USE_HEADERMAP = NO;
			};
			name = Release;
		};
		OBJ_40 /* Release */ = {
			isa = XCBuildConfiguration;
			buildSettings = {
				EMBEDDED_CONTENT_CONTAINS_SWIFT = YES;
				FRAMEWORK_SEARCH_PATHS = (
					"$(inherited)",
					"$(PLATFORM_DIR)/Developer/Library/Frameworks",
				);
				HEADER_SEARCH_PATHS = "$(inherited)";
				INFOPLIST_FILE = Prelude.xcodeproj/PreludeTests_Info.plist;
				LD_RUNPATH_SEARCH_PATHS = "@loader_path/../Frameworks @loader_path/Frameworks";
				OTHER_LDFLAGS = "$(inherited)";
				OTHER_SWIFT_FLAGS = "$(inherited)";
				TARGET_NAME = PreludeTests;
			};
			name = Release;
		};
		OBJ_58 /* Debug */ = {
			isa = XCBuildConfiguration;
			buildSettings = {
				ENABLE_TESTABILITY = YES;
				FRAMEWORK_SEARCH_PATHS = (
					"$(inherited)",
					"$(PLATFORM_DIR)/Developer/Library/Frameworks",
				);
				HEADER_SEARCH_PATHS = "$(inherited)";
				INFOPLIST_FILE = Prelude.xcodeproj/Prelude_Info.plist;
				LD_RUNPATH_SEARCH_PATHS = "$(TOOLCHAIN_DIR)/usr/lib/swift/macosx";
				OTHER_LDFLAGS = "$(inherited)";
				OTHER_SWIFT_FLAGS = "$(inherited)";
				PRODUCT_BUNDLE_IDENTIFIER = Prelude;
				PRODUCT_MODULE_NAME = "$(TARGET_NAME:c99extidentifier)";
				PRODUCT_NAME = "$(TARGET_NAME:c99extidentifier)";
				SKIP_INSTALL = YES;
				TARGET_NAME = Prelude;
			};
			name = Debug;
		};
		OBJ_59 /* Release */ = {
			isa = XCBuildConfiguration;
			buildSettings = {
				ENABLE_TESTABILITY = YES;
				FRAMEWORK_SEARCH_PATHS = (
					"$(inherited)",
					"$(PLATFORM_DIR)/Developer/Library/Frameworks",
				);
				HEADER_SEARCH_PATHS = "$(inherited)";
				INFOPLIST_FILE = Prelude.xcodeproj/Prelude_Info.plist;
				LD_RUNPATH_SEARCH_PATHS = "$(TOOLCHAIN_DIR)/usr/lib/swift/macosx";
				OTHER_LDFLAGS = "$(inherited)";
				OTHER_SWIFT_FLAGS = "$(inherited)";
				PRODUCT_BUNDLE_IDENTIFIER = Prelude;
				PRODUCT_MODULE_NAME = "$(TARGET_NAME:c99extidentifier)";
				PRODUCT_NAME = "$(TARGET_NAME:c99extidentifier)";
				SKIP_INSTALL = YES;
				TARGET_NAME = Prelude;
			};
			name = Release;
		};
		OBJ_76 /* Debug */ = {
			isa = XCBuildConfiguration;
			buildSettings = {
			};
			name = Debug;
		};
		OBJ_77 /* Release */ = {
			isa = XCBuildConfiguration;
			buildSettings = {
			};
			name = Release;
		};
/* End XCBuildConfiguration section */

/* Begin XCConfigurationList section */
		OBJ_2 /* Build configuration list for PBXProject "Prelude" */ = {
			isa = XCConfigurationList;
			buildConfigurations = (
				OBJ_3 /* Debug */,
				OBJ_4 /* Release */,
			);
			defaultConfigurationIsVisible = 0;
			defaultConfigurationName = Debug;
		};
		OBJ_38 /* Build configuration list for PBXNativeTarget "PreludeTests" */ = {
			isa = XCConfigurationList;
			buildConfigurations = (
				OBJ_39 /* Debug */,
				OBJ_40 /* Release */,
			);
			defaultConfigurationIsVisible = 0;
			defaultConfigurationName = Debug;
		};
		OBJ_57 /* Build configuration list for PBXNativeTarget "Prelude" */ = {
			isa = XCConfigurationList;
			buildConfigurations = (
				OBJ_58 /* Debug */,
				OBJ_59 /* Release */,
			);
			defaultConfigurationIsVisible = 0;
			defaultConfigurationName = Debug;
		};
		OBJ_75 /* Build configuration list for PBXAggregateTarget "PreludePackageTests" */ = {
			isa = XCConfigurationList;
			buildConfigurations = (
				OBJ_76 /* Debug */,
				OBJ_77 /* Release */,
			);
			defaultConfigurationIsVisible = 0;
			defaultConfigurationName = Debug;
		};
/* End XCConfigurationList section */
	};
	rootObject = OBJ_1 /* Project object */;
}
